{
    "_readme": [
        "This file locks the dependencies of your project to a known state",
        "Read more about it at https://getcomposer.org/doc/01-basic-usage.md#composer-lock-the-lock-file",
        "This file is @generated automatically"
    ],
    "hash": "b8e7d5ab433a06ea03cb7ec19ed04c12",
    "content-hash": "bfb19950c127848fae639408da270d55",
    "packages": [
        {
            "name": "broeser/sanitor",
            "version": "dev-master",
            "source": {
                "type": "git",
                "url": "https://github.com/broeser/sanitor.git",
                "reference": "9071778f9e9a87c35dc2f30f99cb3df626f685e9"
            },
            "dist": {
                "type": "zip",
                "url": "https://api.github.com/repos/broeser/sanitor/zipball/9071778f9e9a87c35dc2f30f99cb3df626f685e9",
                "reference": "9071778f9e9a87c35dc2f30f99cb3df626f685e9",
                "shasum": ""
            },
            "require": {
                "php": ">=5.4.0"
            },
            "type": "library",
            "autoload": {
                "psr-4": {
                    "Sanitor\\": "src/"
                }
            },
            "notification-url": "https://packagist.org/downloads/",
            "license": [
                "MIT"
            ],
            "description": "Sanitor is a thin wrapper around PHPs sanitization functions filter_…",
            "keywords": [
                "filter",
                "sanitization"
            ],
            "time": "2016-01-25 11:20:41"
        },
        {
            "name": "broeser/wellid",
            "version": "dev-master",
            "source": {
                "type": "git",
                "url": "https://github.com/broeser/wellid.git",
                "reference": "c1493f799e015d5930a81811e54a9f66e0990c22"
            },
            "dist": {
                "type": "zip",
                "url": "https://api.github.com/repos/broeser/wellid/zipball/c1493f799e015d5930a81811e54a9f66e0990c22",
                "reference": "c1493f799e015d5930a81811e54a9f66e0990c22",
                "shasum": ""
            },
            "require": {
                "php": ">=5.6.0"
            },
            "require-dev": {
                "broeser/sanitor": "dev-master"
            },
            "suggest": {
                "broeser/sanitor": "Sanitizes input before validating, see SanitorBridgeTrait.php"
            },
            "type": "library",
            "autoload": {
                "psr-4": {
                    "Wellid\\": "src/",
                    "WellidUsageExamples\\": "examples/"
                }
            },
            "notification-url": "https://packagist.org/downloads/",
            "license": [
                "MIT"
            ],
            "description": "wellid is a set of PHP validators and a few loosely coupled components for validation.",
            "keywords": [
                "validation"
            ],
            "time": "2016-01-25 11:52:50"
        }
    ],
    "packages-dev": [],
    "aliases": [],
    "minimum-stability": "stable",
    "stability-flags": {
        "broeser/sanitor": 20,
        "broeser/wellid": 20
    },
    "prefer-stable": false,
    "prefer-lowest": false,
    "platform": {
        "php": ">=5.6.0"
    },
    "platform-dev": []
}
