{
    "_readme": [
        "This file locks the dependencies of your project to a known state",
        "Read more about it at https://getcomposer.org/doc/01-basic-usage.md#composer-lock-the-lock-file",
        "This file is @generated automatically"
    ],
    "hash": "c18969781c8b477ac67bc2f45c62846e",
    "content-hash": "44a0bb2b734aa4d5d19421b7397a8ff6",
    "packages": [
        {
            "name": "broeser/sanitor",
            "version": "dev-master",
            "source": {
                "type": "git",
                "url": "https://github.com/broeser/sanitor.git",
                "reference": "375195567a79e5a53fdad50a5b02ee644e6eac55"
            },
            "dist": {
                "type": "zip",
                "url": "https://api.github.com/repos/broeser/sanitor/zipball/375195567a79e5a53fdad50a5b02ee644e6eac55",
                "reference": "375195567a79e5a53fdad50a5b02ee644e6eac55",
                "shasum": ""
            },
            "require": {
                "php": ">=5.4.0"
            },
            "type": "library",
            "autoload": {
                "psr-4": {
                    "Sanitor\\": "src/"
                }
            },
            "notification-url": "https://packagist.org/downloads/",
            "license": [
                "MIT"
            ],
            "description": "Sanitor is a thin wrapper around PHPs sanitization functions filter_var, filter_input and filter_has_var",
            "keywords": [
                "filter",
                "sanitization"
            ],
            "time": "2016-02-04 14:12:05"
        },
        {
            "name": "broeser/wellid",
            "version": "dev-master",
            "source": {
                "type": "git",
                "url": "https://github.com/broeser/wellid.git",
                "reference": "39d97c48c14636e58fa2d5bb3f528c6bc9e9e82e"
            },
            "dist": {
                "type": "zip",
                "url": "https://api.github.com/repos/broeser/wellid/zipball/39d97c48c14636e58fa2d5bb3f528c6bc9e9e82e",
                "reference": "39d97c48c14636e58fa2d5bb3f528c6bc9e9e82e",
                "shasum": ""
            },
            "require": {
                "php": ">=5.6.0"
            },
            "require-dev": {
                "broeser/sanitor": "dev-master"
            },
            "suggest": {
                "broeser/sanitor": "Sanitizes input before validating, see SanitorBridgeTrait.php"
            },
            "type": "library",
            "autoload": {
                "psr-4": {
                    "Wellid\\": "src/",
                    "WellidUsageExamples\\": "examples/",
                    "Rtablada\\LiteratePhp\\": "literatephp/"
                }
            },
            "notification-url": "https://packagist.org/downloads/",
            "license": [
                "MIT"
            ],
            "description": "wellid is a set of PHP validators and a few loosely coupled components for validation.",
            "keywords": [
                "validation"
            ],
            "time": "2016-02-04 16:28:30"
        }
    ],
    "packages-dev": [
        {
            "name": "symfony/console",
            "version": "v3.0.2",
            "source": {
                "type": "git",
                "url": "https://github.com/symfony/console.git",
                "reference": "5a02eaadaa285e2bb727eb6bbdfb8201fcd971b0"
            },
            "dist": {
                "type": "zip",
                "url": "https://api.github.com/repos/symfony/console/zipball/5a02eaadaa285e2bb727eb6bbdfb8201fcd971b0",
                "reference": "5a02eaadaa285e2bb727eb6bbdfb8201fcd971b0",
                "shasum": ""
            },
            "require": {
                "php": ">=5.5.9",
                "symfony/polyfill-mbstring": "~1.0"
            },
            "require-dev": {
                "psr/log": "~1.0",
                "symfony/event-dispatcher": "~2.8|~3.0",
                "symfony/process": "~2.8|~3.0"
            },
            "suggest": {
                "psr/log": "For using the console logger",
                "symfony/event-dispatcher": "",
                "symfony/process": ""
            },
            "type": "library",
            "extra": {
                "branch-alias": {
                    "dev-master": "3.0-dev"
                }
            },
            "autoload": {
                "psr-4": {
                    "Symfony\\Component\\Console\\": ""
                },
                "exclude-from-classmap": [
                    "/Tests/"
                ]
            },
            "notification-url": "https://packagist.org/downloads/",
            "license": [
                "MIT"
            ],
            "authors": [
                {
                    "name": "Fabien Potencier",
                    "email": "fabien@symfony.com"
                },
                {
                    "name": "Symfony Community",
                    "homepage": "https://symfony.com/contributors"
                }
            ],
            "description": "Symfony Console Component",
            "homepage": "https://symfony.com",
            "time": "2016-02-02 13:44:19"
        },
        {
            "name": "symfony/polyfill-mbstring",
            "version": "v1.1.0",
            "source": {
                "type": "git",
                "url": "https://github.com/symfony/polyfill-mbstring.git",
                "reference": "1289d16209491b584839022f29257ad859b8532d"
            },
            "dist": {
                "type": "zip",
                "url": "https://api.github.com/repos/symfony/polyfill-mbstring/zipball/1289d16209491b584839022f29257ad859b8532d",
                "reference": "1289d16209491b584839022f29257ad859b8532d",
                "shasum": ""
            },
            "require": {
                "php": ">=5.3.3"
            },
            "suggest": {
                "ext-mbstring": "For best performance"
            },
            "type": "library",
            "extra": {
                "branch-alias": {
                    "dev-master": "1.1-dev"
                }
            },
            "autoload": {
                "psr-4": {
                    "Symfony\\Polyfill\\Mbstring\\": ""
                },
                "files": [
                    "bootstrap.php"
                ]
            },
            "notification-url": "https://packagist.org/downloads/",
            "license": [
                "MIT"
            ],
            "authors": [
                {
                    "name": "Nicolas Grekas",
                    "email": "p@tchwork.com"
                },
                {
                    "name": "Symfony Community",
                    "homepage": "https://symfony.com/contributors"
                }
            ],
            "description": "Symfony polyfill for the Mbstring extension",
            "homepage": "https://symfony.com",
            "keywords": [
                "compatibility",
                "mbstring",
                "polyfill",
                "portable",
                "shim"
            ],
            "time": "2016-01-20 09:13:37"
        }
    ],
    "aliases": [],
    "minimum-stability": "stable",
    "stability-flags": {
        "broeser/sanitor": 20,
        "broeser/wellid": 20
    },
    "prefer-stable": false,
    "prefer-lowest": false,
    "platform": {
        "php": ">=5.6.0"
    },
    "platform-dev": []
}
